
Microsoft Visual Studio Solution File, Format Version 12.00
# Visual Studio 15
VisualStudioVersion = 15.0.27428.2015
MinimumVisualStudioVersion = 10.0.40219.1
Project("{9A19103F-16F7-4668-BE54-9A1E7A4F7556}") = "UnitTest", "UnitTest\UnitTest.csproj", "{5B8A1329-9164-4100-8233-1F0C993B32B5}"
EndProject
Project("{9A19103F-16F7-4668-BE54-9A1E7A4F7556}") = "Booking.Common.HttpClient.Extensions", "Booking.Common.HttpClient.Extensions\Booking.Common.HttpClient.Extensions.csproj", "{95D24F64-558A-4B22-B9AE-BC1BCF74FD52}"
EndProject
Project("{9A19103F-16F7-4668-BE54-9A1E7A4F7556}") = "Booking.Common.Rest", "Booking.Common.Rest\Booking.Common.Rest.csproj", "{8123BCA6-C513-456B-B2D4-AAAAB90E66A0}"
EndProject
Project("{FAE04EC0-301F-11D3-BF4B-00C04F79EFBC}") = "Booking.Common.Jwt", "Booking.Common.Jwt\Booking.Common.Jwt.csproj", "{5298DA0D-0CC1-4E78-A318-8FC228D85A82}"
EndProject
Global
	GlobalSection(SolutionConfigurationPlatforms) = preSolution
		Debug|Any CPU = Debug|Any CPU
		Release|Any CPU = Release|Any CPU
	EndGlobalSection
	GlobalSection(ProjectConfigurationPlatforms) = postSolution
		{5B8A1329-9164-4100-8233-1F0C993B32B5}.Debug|Any CPU.ActiveCfg = Debug|Any CPU
		{5B8A1329-9164-4100-8233-1F0C993B32B5}.Debug|Any CPU.Build.0 = Debug|Any CPU
		{5B8A1329-9164-4100-8233-1F0C993B32B5}.Release|Any CPU.ActiveCfg = Release|Any CPU
		{5B8A1329-9164-4100-8233-1F0C993B32B5}.Release|Any CPU.Build.0 = Release|Any CPU
		{95D24F64-558A-4B22-B9AE-BC1BCF74FD52}.Debug|Any CPU.ActiveCfg = Debug|Any CPU
		{95D24F64-558A-4B22-B9AE-BC1BCF74FD52}.Debug|Any CPU.Build.0 = Debug|Any CPU
		{95D24F64-558A-4B22-B9AE-BC1BCF74FD52}.Release|Any CPU.ActiveCfg = Release|Any CPU
		{95D24F64-558A-4B22-B9AE-BC1BCF74FD52}.Release|Any CPU.Build.0 = Release|Any CPU
		{8123BCA6-C513-456B-B2D4-AAAAB90E66A0}.Debug|Any CPU.ActiveCfg = Debug|Any CPU
		{8123BCA6-C513-456B-B2D4-AAAAB90E66A0}.Debug|Any CPU.Build.0 = Debug|Any CPU
		{8123BCA6-C513-456B-B2D4-AAAAB90E66A0}.Release|Any CPU.ActiveCfg = Release|Any CPU
		{8123BCA6-C513-456B-B2D4-AAAAB90E66A0}.Release|Any CPU.Build.0 = Release|Any CPU
		{5298DA0D-0CC1-4E78-A318-8FC228D85A82}.Debug|Any CPU.ActiveCfg = Debug|Any CPU
		{5298DA0D-0CC1-4E78-A318-8FC228D85A82}.Debug|Any CPU.Build.0 = Debug|Any CPU
		{5298DA0D-0CC1-4E78-A318-8FC228D85A82}.Release|Any CPU.ActiveCfg = Release|Any CPU
		{5298DA0D-0CC1-4E78-A318-8FC228D85A82}.Release|Any CPU.Build.0 = Release|Any CPU
	EndGlobalSection
	GlobalSection(SolutionProperties) = preSolution
		HideSolutionNode = FALSE
	EndGlobalSection
	GlobalSection(ExtensibilityGlobals) = postSolution
		SolutionGuid = {921CDC47-1661-4ADD-AE9B-DEF7C689E4A7}
	EndGlobalSection
EndGlobal
